// !$*UTF8*$!
{
	archiveVersion = 1;
	classes = {
	};
	objectVersion = 55;
	objects = {

/* Begin PBXBuildFile section */
		622C4BF728CCB34600D39601 /* AppDelegate.swift in Sources */ = {isa = PBXBuildFile; fileRef = 622C4BF628CCB34600D39601 /* AppDelegate.swift */; };
		622C4BFE28CCB34600D39601 /* Main.storyboard in Resources */ = {isa = PBXBuildFile; fileRef = 622C4BFC28CCB34600D39601 /* Main.storyboard */; };
		622C4C0028CCB34700D39601 /* Assets.xcassets in Resources */ = {isa = PBXBuildFile; fileRef = 622C4BFF28CCB34700D39601 /* Assets.xcassets */; };
		622C4C0328CCB34700D39601 /* LaunchScreen.storyboard in Resources */ = {isa = PBXBuildFile; fileRef = 622C4C0128CCB34700D39601 /* LaunchScreen.storyboard */; };
		622C4C1828CCB34800D39601 /* KaizenAssignmentUITests.swift in Sources */ = {isa = PBXBuildFile; fileRef = 622C4C1728CCB34800D39601 /* KaizenAssignmentUITests.swift */; };
		622C4C1A28CCB34800D39601 /* KaizenAssignmentUITestsLaunchTests.swift in Sources */ = {isa = PBXBuildFile; fileRef = 622C4C1928CCB34800D39601 /* KaizenAssignmentUITestsLaunchTests.swift */; };
		622C4C2A28CCB4E000D39601 /* NetworkTests.swift in Sources */ = {isa = PBXBuildFile; fileRef = 622C4C2928CCB4E000D39601 /* NetworkTests.swift */; };
		622C4C2D28CCB50100D39601 /* Network.swift in Sources */ = {isa = PBXBuildFile; fileRef = 622C4C2C28CCB50100D39601 /* Network.swift */; };
		622C4C2F28CCB51600D39601 /* Request.swift in Sources */ = {isa = PBXBuildFile; fileRef = 622C4C2E28CCB51600D39601 /* Request.swift */; };
		622C4C3228CCB65D00D39601 /* NetworkMock.swift in Sources */ = {isa = PBXBuildFile; fileRef = 622C4C3128CCB65D00D39601 /* NetworkMock.swift */; };
		622C4C3428CCB7FE00D39601 /* NetworkError.swift in Sources */ = {isa = PBXBuildFile; fileRef = 622C4C3328CCB7FE00D39601 /* NetworkError.swift */; };
		622C4C3728CCC15800D39601 /* Reachability.swift in Sources */ = {isa = PBXBuildFile; fileRef = 622C4C3628CCC15800D39601 /* Reachability.swift */; };
		622C4C3928CCC4CC00D39601 /* NetworkConfig.swift in Sources */ = {isa = PBXBuildFile; fileRef = 622C4C3828CCC4CC00D39601 /* NetworkConfig.swift */; };
		622C4C3C28CCC68400D39601 /* SportsRequest.swift in Sources */ = {isa = PBXBuildFile; fileRef = 622C4C3B28CCC68400D39601 /* SportsRequest.swift */; };
		622C4C3F28CCC71A00D39601 /* SportsResponse.swift in Sources */ = {isa = PBXBuildFile; fileRef = 622C4C3E28CCC71A00D39601 /* SportsResponse.swift */; };
		622C4C4128CCCFFB00D39601 /* ReachabilityMock.swift in Sources */ = {isa = PBXBuildFile; fileRef = 622C4C4028CCCFFB00D39601 /* ReachabilityMock.swift */; };
		622C4C4428CCD07800D39601 /* FileReader.swift in Sources */ = {isa = PBXBuildFile; fileRef = 622C4C4328CCD07800D39601 /* FileReader.swift */; };
		622C4C4728CCD38200D39601 /* sports_response.json in Resources */ = {isa = PBXBuildFile; fileRef = 622C4C4628CCD38200D39601 /* sports_response.json */; };
		622C4C4928CCDFE100D39601 /* sports_response_malformed.json in Resources */ = {isa = PBXBuildFile; fileRef = 622C4C4828CCDFE100D39601 /* sports_response_malformed.json */; };
		622C4C4D28CCE5F500D39601 /* InvalidPathRequest.swift in Sources */ = {isa = PBXBuildFile; fileRef = 622C4C4C28CCE5F500D39601 /* InvalidPathRequest.swift */; };
		62998A0A28CCE9C8002E9DAE /* SportsGamesDataFactory.swift in Sources */ = {isa = PBXBuildFile; fileRef = 62998A0928CCE9C8002E9DAE /* SportsGamesDataFactory.swift */; };
		62998A0C28CCE9DC002E9DAE /* SportsGamesViewModel.swift in Sources */ = {isa = PBXBuildFile; fileRef = 62998A0B28CCE9DC002E9DAE /* SportsGamesViewModel.swift */; };
		62998A1228CCEA7D002E9DAE /* BinderDataSource.swift in Sources */ = {isa = PBXBuildFile; fileRef = 62998A0F28CCEA7C002E9DAE /* BinderDataSource.swift */; };
		62998A1328CCEA7D002E9DAE /* BinderModel.swift in Sources */ = {isa = PBXBuildFile; fileRef = 62998A1028CCEA7C002E9DAE /* BinderModel.swift */; };
		62998A1428CCEA7D002E9DAE /* BinderCell.swift in Sources */ = {isa = PBXBuildFile; fileRef = 62998A1128CCEA7C002E9DAE /* BinderCell.swift */; };
		62998A1A28CCEBBA002E9DAE /* UITableViewExtensions.swift in Sources */ = {isa = PBXBuildFile; fileRef = 62998A1928CCEBBA002E9DAE /* UITableViewExtensions.swift */; };
		62998A1C28CCF17F002E9DAE /* State.swift in Sources */ = {isa = PBXBuildFile; fileRef = 62998A1B28CCF17F002E9DAE /* State.swift */; };
		62C955A728CE2E7F002782B3 /* SportEventCollectionViewCell.swift in Sources */ = {isa = PBXBuildFile; fileRef = 62C955A528CE2E7F002782B3 /* SportEventCollectionViewCell.swift */; };
		62C955A828CE2E7F002782B3 /* SportEventCollectionViewCell.xib in Resources */ = {isa = PBXBuildFile; fileRef = 62C955A628CE2E7F002782B3 /* SportEventCollectionViewCell.xib */; };
		62C955AA28CE2EFD002782B3 /* UICollectionViewExtensions.swift in Sources */ = {isa = PBXBuildFile; fileRef = 62C955A928CE2EFD002782B3 /* UICollectionViewExtensions.swift */; };
		62D8D20728CDF0DB0087AE9B /* Assets.swift in Sources */ = {isa = PBXBuildFile; fileRef = 62D8D20628CDF0DB0087AE9B /* Assets.swift */; };
		62D8D20B28CDF7E20087AE9B /* SportHeaderBinderModel.swift in Sources */ = {isa = PBXBuildFile; fileRef = 62D8D20A28CDF7E20087AE9B /* SportHeaderBinderModel.swift */; };
		62D8D20E28CDF8640087AE9B /* SportHeaderTableViewCell.swift in Sources */ = {isa = PBXBuildFile; fileRef = 62D8D20C28CDF8640087AE9B /* SportHeaderTableViewCell.swift */; };
		62D8D20F28CDF8640087AE9B /* SportHeaderTableViewCell.xib in Resources */ = {isa = PBXBuildFile; fileRef = 62D8D20D28CDF8640087AE9B /* SportHeaderTableViewCell.xib */; };
		62D8D21228CDF8A50087AE9B /* SportEventsTableViewCell.swift in Sources */ = {isa = PBXBuildFile; fileRef = 62D8D21028CDF8A50087AE9B /* SportEventsTableViewCell.swift */; };
		62D8D21328CDF8A50087AE9B /* SportEventsTableViewCell.xib in Resources */ = {isa = PBXBuildFile; fileRef = 62D8D21128CDF8A50087AE9B /* SportEventsTableViewCell.xib */; };
		62D8D21528CDF8CC0087AE9B /* SportEventsBinderModel.swift in Sources */ = {isa = PBXBuildFile; fileRef = 62D8D21428CDF8CC0087AE9B /* SportEventsBinderModel.swift */; };
		62D8D21828CE01A50087AE9B /* SportEventsViewController.swift in Sources */ = {isa = PBXBuildFile; fileRef = 62D8D21728CE01A50087AE9B /* SportEventsViewController.swift */; };
		62D8D21A28CE07DF0087AE9B /* UINavigationControllerExtension.swift in Sources */ = {isa = PBXBuildFile; fileRef = 62D8D21928CE07DF0087AE9B /* UINavigationControllerExtension.swift */; };
		62D8D21C28CE0A660087AE9B /* UIColorExtensions.swift in Sources */ = {isa = PBXBuildFile; fileRef = 62D8D21B28CE0A660087AE9B /* UIColorExtensions.swift */; };
		62D8D22128CE1A210087AE9B /* SportsGamesViewModel_IntegrationTests.swift in Sources */ = {isa = PBXBuildFile; fileRef = 62D8D22028CE1A210087AE9B /* SportsGamesViewModel_IntegrationTests.swift */; };
		62D8D22328CE1E5E0087AE9B /* SportsGamesDataFactoryTests.swift in Sources */ = {isa = PBXBuildFile; fileRef = 62D8D22228CE1E5E0087AE9B /* SportsGamesDataFactoryTests.swift */; };
/* End PBXBuildFile section */

/* Begin PBXContainerItemProxy section */
		622C4C0A28CCB34800D39601 /* PBXContainerItemProxy */ = {
			isa = PBXContainerItemProxy;
			containerPortal = 622C4BEB28CCB34600D39601 /* Project object */;
			proxyType = 1;
			remoteGlobalIDString = 622C4BF228CCB34600D39601;
			remoteInfo = KaizenAssignment;
		};
		622C4C1428CCB34800D39601 /* PBXContainerItemProxy */ = {
			isa = PBXContainerItemProxy;
			containerPortal = 622C4BEB28CCB34600D39601 /* Project object */;
			proxyType = 1;
			remoteGlobalIDString = 622C4BF228CCB34600D39601;
			remoteInfo = KaizenAssignment;
		};
/* End PBXContainerItemProxy section */

/* Begin PBXFileReference section */
		622C4BF328CCB34600D39601 /* KaizenAssignment.app */ = {isa = PBXFileReference; explicitFileType = wrapper.application; includeInIndex = 0; path = KaizenAssignment.app; sourceTree = BUILT_PRODUCTS_DIR; };
		622C4BF628CCB34600D39601 /* AppDelegate.swift */ = {isa = PBXFileReference; lastKnownFileType = sourcecode.swift; path = AppDelegate.swift; sourceTree = "<group>"; };
		622C4BFD28CCB34600D39601 /* Base */ = {isa = PBXFileReference; lastKnownFileType = file.storyboard; name = Base; path = Base.lproj/Main.storyboard; sourceTree = "<group>"; };
		622C4BFF28CCB34700D39601 /* Assets.xcassets */ = {isa = PBXFileReference; lastKnownFileType = folder.assetcatalog; path = Assets.xcassets; sourceTree = "<group>"; };
		622C4C0228CCB34700D39601 /* Base */ = {isa = PBXFileReference; lastKnownFileType = file.storyboard; name = Base; path = Base.lproj/LaunchScreen.storyboard; sourceTree = "<group>"; };
		622C4C0428CCB34700D39601 /* Info.plist */ = {isa = PBXFileReference; lastKnownFileType = text.plist.xml; path = Info.plist; sourceTree = "<group>"; };
		622C4C0928CCB34800D39601 /* KaizenAssignmentTests.xctest */ = {isa = PBXFileReference; explicitFileType = wrapper.cfbundle; includeInIndex = 0; path = KaizenAssignmentTests.xctest; sourceTree = BUILT_PRODUCTS_DIR; };
		622C4C1328CCB34800D39601 /* KaizenAssignmentUITests.xctest */ = {isa = PBXFileReference; explicitFileType = wrapper.cfbundle; includeInIndex = 0; path = KaizenAssignmentUITests.xctest; sourceTree = BUILT_PRODUCTS_DIR; };
		622C4C1728CCB34800D39601 /* KaizenAssignmentUITests.swift */ = {isa = PBXFileReference; lastKnownFileType = sourcecode.swift; path = KaizenAssignmentUITests.swift; sourceTree = "<group>"; };
		622C4C1928CCB34800D39601 /* KaizenAssignmentUITestsLaunchTests.swift */ = {isa = PBXFileReference; lastKnownFileType = sourcecode.swift; path = KaizenAssignmentUITestsLaunchTests.swift; sourceTree = "<group>"; };
		622C4C2928CCB4E000D39601 /* NetworkTests.swift */ = {isa = PBXFileReference; lastKnownFileType = sourcecode.swift; path = NetworkTests.swift; sourceTree = "<group>"; };
		622C4C2C28CCB50100D39601 /* Network.swift */ = {isa = PBXFileReference; lastKnownFileType = sourcecode.swift; path = Network.swift; sourceTree = "<group>"; };
		622C4C2E28CCB51600D39601 /* Request.swift */ = {isa = PBXFileReference; lastKnownFileType = sourcecode.swift; path = Request.swift; sourceTree = "<group>"; };
		622C4C3128CCB65D00D39601 /* NetworkMock.swift */ = {isa = PBXFileReference; lastKnownFileType = sourcecode.swift; path = NetworkMock.swift; sourceTree = "<group>"; };
		622C4C3328CCB7FE00D39601 /* NetworkError.swift */ = {isa = PBXFileReference; lastKnownFileType = sourcecode.swift; path = NetworkError.swift; sourceTree = "<group>"; };
		622C4C3628CCC15800D39601 /* Reachability.swift */ = {isa = PBXFileReference; lastKnownFileType = sourcecode.swift; path = Reachability.swift; sourceTree = "<group>"; };
		622C4C3828CCC4CC00D39601 /* NetworkConfig.swift */ = {isa = PBXFileReference; lastKnownFileType = sourcecode.swift; path = NetworkConfig.swift; sourceTree = "<group>"; };
		622C4C3B28CCC68400D39601 /* SportsRequest.swift */ = {isa = PBXFileReference; lastKnownFileType = sourcecode.swift; path = SportsRequest.swift; sourceTree = "<group>"; };
		622C4C3E28CCC71A00D39601 /* SportsResponse.swift */ = {isa = PBXFileReference; lastKnownFileType = sourcecode.swift; path = SportsResponse.swift; sourceTree = "<group>"; };
		622C4C4028CCCFFB00D39601 /* ReachabilityMock.swift */ = {isa = PBXFileReference; lastKnownFileType = sourcecode.swift; path = ReachabilityMock.swift; sourceTree = "<group>"; };
		622C4C4328CCD07800D39601 /* FileReader.swift */ = {isa = PBXFileReference; lastKnownFileType = sourcecode.swift; path = FileReader.swift; sourceTree = "<group>"; };
		622C4C4628CCD38200D39601 /* sports_response.json */ = {isa = PBXFileReference; fileEncoding = 4; lastKnownFileType = text.json; path = sports_response.json; sourceTree = "<group>"; };
		622C4C4828CCDFE100D39601 /* sports_response_malformed.json */ = {isa = PBXFileReference; fileEncoding = 4; lastKnownFileType = text.json; path = sports_response_malformed.json; sourceTree = "<group>"; };
		622C4C4C28CCE5F500D39601 /* InvalidPathRequest.swift */ = {isa = PBXFileReference; lastKnownFileType = sourcecode.swift; path = InvalidPathRequest.swift; sourceTree = "<group>"; };
		62998A0928CCE9C8002E9DAE /* SportsGamesDataFactory.swift */ = {isa = PBXFileReference; lastKnownFileType = sourcecode.swift; path = SportsGamesDataFactory.swift; sourceTree = "<group>"; };
		62998A0B28CCE9DC002E9DAE /* SportsGamesViewModel.swift */ = {isa = PBXFileReference; lastKnownFileType = sourcecode.swift; path = SportsGamesViewModel.swift; sourceTree = "<group>"; };
		62998A0F28CCEA7C002E9DAE /* BinderDataSource.swift */ = {isa = PBXFileReference; fileEncoding = 4; lastKnownFileType = sourcecode.swift; path = BinderDataSource.swift; sourceTree = "<group>"; };
		62998A1028CCEA7C002E9DAE /* BinderModel.swift */ = {isa = PBXFileReference; fileEncoding = 4; lastKnownFileType = sourcecode.swift; path = BinderModel.swift; sourceTree = "<group>"; };
		62998A1128CCEA7C002E9DAE /* BinderCell.swift */ = {isa = PBXFileReference; fileEncoding = 4; lastKnownFileType = sourcecode.swift; path = BinderCell.swift; sourceTree = "<group>"; };
		62998A1928CCEBBA002E9DAE /* UITableViewExtensions.swift */ = {isa = PBXFileReference; lastKnownFileType = sourcecode.swift; path = UITableViewExtensions.swift; sourceTree = "<group>"; };
		62998A1B28CCF17F002E9DAE /* State.swift */ = {isa = PBXFileReference; lastKnownFileType = sourcecode.swift; path = State.swift; sourceTree = "<group>"; };
		62C955A528CE2E7F002782B3 /* SportEventCollectionViewCell.swift */ = {isa = PBXFileReference; lastKnownFileType = sourcecode.swift; path = SportEventCollectionViewCell.swift; sourceTree = "<group>"; };
		62C955A628CE2E7F002782B3 /* SportEventCollectionViewCell.xib */ = {isa = PBXFileReference; lastKnownFileType = file.xib; path = SportEventCollectionViewCell.xib; sourceTree = "<group>"; };
		62C955A928CE2EFD002782B3 /* UICollectionViewExtensions.swift */ = {isa = PBXFileReference; lastKnownFileType = sourcecode.swift; path = UICollectionViewExtensions.swift; sourceTree = "<group>"; };
		62D8D20628CDF0DB0087AE9B /* Assets.swift */ = {isa = PBXFileReference; lastKnownFileType = sourcecode.swift; path = Assets.swift; sourceTree = "<group>"; };
		62D8D20A28CDF7E20087AE9B /* SportHeaderBinderModel.swift */ = {isa = PBXFileReference; lastKnownFileType = sourcecode.swift; path = SportHeaderBinderModel.swift; sourceTree = "<group>"; };
		62D8D20C28CDF8640087AE9B /* SportHeaderTableViewCell.swift */ = {isa = PBXFileReference; lastKnownFileType = sourcecode.swift; path = SportHeaderTableViewCell.swift; sourceTree = "<group>"; };
		62D8D20D28CDF8640087AE9B /* SportHeaderTableViewCell.xib */ = {isa = PBXFileReference; lastKnownFileType = file.xib; path = SportHeaderTableViewCell.xib; sourceTree = "<group>"; };
		62D8D21028CDF8A50087AE9B /* SportEventsTableViewCell.swift */ = {isa = PBXFileReference; lastKnownFileType = sourcecode.swift; path = SportEventsTableViewCell.swift; sourceTree = "<group>"; };
		62D8D21128CDF8A50087AE9B /* SportEventsTableViewCell.xib */ = {isa = PBXFileReference; lastKnownFileType = file.xib; path = SportEventsTableViewCell.xib; sourceTree = "<group>"; };
		62D8D21428CDF8CC0087AE9B /* SportEventsBinderModel.swift */ = {isa = PBXFileReference; lastKnownFileType = sourcecode.swift; path = SportEventsBinderModel.swift; sourceTree = "<group>"; };
		62D8D21728CE01A50087AE9B /* SportEventsViewController.swift */ = {isa = PBXFileReference; lastKnownFileType = sourcecode.swift; path = SportEventsViewController.swift; sourceTree = "<group>"; };
		62D8D21928CE07DF0087AE9B /* UINavigationControllerExtension.swift */ = {isa = PBXFileReference; lastKnownFileType = sourcecode.swift; path = UINavigationControllerExtension.swift; sourceTree = "<group>"; };
		62D8D21B28CE0A660087AE9B /* UIColorExtensions.swift */ = {isa = PBXFileReference; lastKnownFileType = sourcecode.swift; path = UIColorExtensions.swift; sourceTree = "<group>"; };
		62D8D22028CE1A210087AE9B /* SportsGamesViewModel_IntegrationTests.swift */ = {isa = PBXFileReference; lastKnownFileType = sourcecode.swift; path = SportsGamesViewModel_IntegrationTests.swift; sourceTree = "<group>"; };
		62D8D22228CE1E5E0087AE9B /* SportsGamesDataFactoryTests.swift */ = {isa = PBXFileReference; lastKnownFileType = sourcecode.swift; path = SportsGamesDataFactoryTests.swift; sourceTree = "<group>"; };
/* End PBXFileReference section */

/* Begin PBXFrameworksBuildPhase section */
		622C4BF028CCB34600D39601 /* Frameworks */ = {
			isa = PBXFrameworksBuildPhase;
			buildActionMask = 2147483647;
			files = (
			);
			runOnlyForDeploymentPostprocessing = 0;
		};
		622C4C0628CCB34800D39601 /* Frameworks */ = {
			isa = PBXFrameworksBuildPhase;
			buildActionMask = 2147483647;
			files = (
			);
			runOnlyForDeploymentPostprocessing = 0;
		};
		622C4C1028CCB34800D39601 /* Frameworks */ = {
			isa = PBXFrameworksBuildPhase;
			buildActionMask = 2147483647;
			files = (
			);
			runOnlyForDeploymentPostprocessing = 0;
		};
/* End PBXFrameworksBuildPhase section */

/* Begin PBXGroup section */
		622C4BEA28CCB34600D39601 = {
			isa = PBXGroup;
			children = (
				622C4BF528CCB34600D39601 /* KaizenAssignment */,
				622C4C0C28CCB34800D39601 /* KaizenAssignmentTests */,
				622C4C1628CCB34800D39601 /* KaizenAssignmentUITests */,
				622C4BF428CCB34600D39601 /* Products */,
			);
			sourceTree = "<group>";
		};
		622C4BF428CCB34600D39601 /* Products */ = {
			isa = PBXGroup;
			children = (
				622C4BF328CCB34600D39601 /* KaizenAssignment.app */,
				622C4C0928CCB34800D39601 /* KaizenAssignmentTests.xctest */,
				622C4C1328CCB34800D39601 /* KaizenAssignmentUITests.xctest */,
			);
			name = Products;
			sourceTree = "<group>";
		};
		622C4BF528CCB34600D39601 /* KaizenAssignment */ = {
			isa = PBXGroup;
			children = (
				62998A1528CCEB87002E9DAE /* Extensions */,
				62998A0D28CCEA47002E9DAE /* Common */,
				62998A0728CCE98E002E9DAE /* ViewModel */,
				62D8D20428CD13090087AE9B /* BinderModels */,
				622C4C2B28CCB4F100D39601 /* Model */,
				62D8D1FB28CD12740087AE9B /* Views */,
				62D8D21628CE018C0087AE9B /* ViewControllers */,
				622C4BF628CCB34600D39601 /* AppDelegate.swift */,
				622C4BFC28CCB34600D39601 /* Main.storyboard */,
				622C4BFF28CCB34700D39601 /* Assets.xcassets */,
				622C4C0128CCB34700D39601 /* LaunchScreen.storyboard */,
				622C4C0428CCB34700D39601 /* Info.plist */,
			);
			path = KaizenAssignment;
			sourceTree = "<group>";
		};
		622C4C0C28CCB34800D39601 /* KaizenAssignmentTests */ = {
			isa = PBXGroup;
			children = (
				622C4C4528CCD0CD00D39601 /* Files */,
				622C4C4228CCD06D00D39601 /* Common */,
				622C4C2728CCB4AE00D39601 /* Integration Tests */,
				622C4C2628CCB49C00D39601 /* Unit Tests */,
			);
			path = KaizenAssignmentTests;
			sourceTree = "<group>";
		};
		622C4C1628CCB34800D39601 /* KaizenAssignmentUITests */ = {
			isa = PBXGroup;
			children = (
				622C4C1728CCB34800D39601 /* KaizenAssignmentUITests.swift */,
				622C4C1928CCB34800D39601 /* KaizenAssignmentUITestsLaunchTests.swift */,
			);
			path = KaizenAssignmentUITests;
			sourceTree = "<group>";
		};
		622C4C2628CCB49C00D39601 /* Unit Tests */ = {
			isa = PBXGroup;
			children = (
				62D8D21D28CE19950087AE9B /* ViewModels */,
				622C4C3028CCB64E00D39601 /* Network */,
			);
			path = "Unit Tests";
			sourceTree = "<group>";
		};
		622C4C2728CCB4AE00D39601 /* Integration Tests */ = {
			isa = PBXGroup;
			children = (
				62D8D22028CE1A210087AE9B /* SportsGamesViewModel_IntegrationTests.swift */,
			);
			path = "Integration Tests";
			sourceTree = "<group>";
		};
		622C4C2B28CCB4F100D39601 /* Model */ = {
			isa = PBXGroup;
			children = (
				622C4C3528CCC14500D39601 /* NetworkLayer */,
			);
			path = Model;
			sourceTree = "<group>";
		};
		622C4C3028CCB64E00D39601 /* Network */ = {
			isa = PBXGroup;
			children = (
				622C4C2928CCB4E000D39601 /* NetworkTests.swift */,
				622C4C3128CCB65D00D39601 /* NetworkMock.swift */,
				622C4C4028CCCFFB00D39601 /* ReachabilityMock.swift */,
				622C4C4C28CCE5F500D39601 /* InvalidPathRequest.swift */,
			);
			path = Network;
			sourceTree = "<group>";
		};
		622C4C3528CCC14500D39601 /* NetworkLayer */ = {
			isa = PBXGroup;
			children = (
				622C4C3D28CCC70900D39601 /* Responses */,
				622C4C3A28CCC66E00D39601 /* Requests */,
				622C4C2C28CCB50100D39601 /* Network.swift */,
				622C4C2E28CCB51600D39601 /* Request.swift */,
				622C4C3328CCB7FE00D39601 /* NetworkError.swift */,
				622C4C3628CCC15800D39601 /* Reachability.swift */,
				622C4C3828CCC4CC00D39601 /* NetworkConfig.swift */,
			);
			path = NetworkLayer;
			sourceTree = "<group>";
		};
		622C4C3A28CCC66E00D39601 /* Requests */ = {
			isa = PBXGroup;
			children = (
				622C4C3B28CCC68400D39601 /* SportsRequest.swift */,
			);
			path = Requests;
			sourceTree = "<group>";
		};
		622C4C3D28CCC70900D39601 /* Responses */ = {
			isa = PBXGroup;
			children = (
				622C4C3E28CCC71A00D39601 /* SportsResponse.swift */,
			);
			path = Responses;
			sourceTree = "<group>";
		};
		622C4C4228CCD06D00D39601 /* Common */ = {
			isa = PBXGroup;
			children = (
				622C4C4328CCD07800D39601 /* FileReader.swift */,
			);
			path = Common;
			sourceTree = "<group>";
		};
		622C4C4528CCD0CD00D39601 /* Files */ = {
			isa = PBXGroup;
			children = (
				622C4C4828CCDFE100D39601 /* sports_response_malformed.json */,
				622C4C4628CCD38200D39601 /* sports_response.json */,
			);
			path = Files;
			sourceTree = "<group>";
		};
		62998A0728CCE98E002E9DAE /* ViewModel */ = {
			isa = PBXGroup;
			children = (
				62998A0828CCE9AD002E9DAE /* SportsGames */,
			);
			path = ViewModel;
			sourceTree = "<group>";
		};
		62998A0828CCE9AD002E9DAE /* SportsGames */ = {
			isa = PBXGroup;
			children = (
				62998A0928CCE9C8002E9DAE /* SportsGamesDataFactory.swift */,
				62998A0B28CCE9DC002E9DAE /* SportsGamesViewModel.swift */,
			);
			path = SportsGames;
			sourceTree = "<group>";
		};
		62998A0D28CCEA47002E9DAE /* Common */ = {
			isa = PBXGroup;
			children = (
				62998A0E28CCEA74002E9DAE /* Binders */,
				62998A1B28CCF17F002E9DAE /* State.swift */,
				62D8D20628CDF0DB0087AE9B /* Assets.swift */,
			);
			path = Common;
			sourceTree = "<group>";
		};
		62998A0E28CCEA74002E9DAE /* Binders */ = {
			isa = PBXGroup;
			children = (
				62998A1128CCEA7C002E9DAE /* BinderCell.swift */,
				62998A0F28CCEA7C002E9DAE /* BinderDataSource.swift */,
				62998A1028CCEA7C002E9DAE /* BinderModel.swift */,
			);
			path = Binders;
			sourceTree = "<group>";
		};
		62998A1528CCEB87002E9DAE /* Extensions */ = {
			isa = PBXGroup;
			children = (
				62998A1928CCEBBA002E9DAE /* UITableViewExtensions.swift */,
				62D8D21928CE07DF0087AE9B /* UINavigationControllerExtension.swift */,
				62D8D21B28CE0A660087AE9B /* UIColorExtensions.swift */,
				62C955A928CE2EFD002782B3 /* UICollectionViewExtensions.swift */,
			);
			path = Extensions;
			sourceTree = "<group>";
		};
		62C955A428CE2E5B002782B3 /* SportEventsCell */ = {
			isa = PBXGroup;
			children = (
				62D8D21028CDF8A50087AE9B /* SportEventsTableViewCell.swift */,
				62D8D21128CDF8A50087AE9B /* SportEventsTableViewCell.xib */,
				62C955A528CE2E7F002782B3 /* SportEventCollectionViewCell.swift */,
				62C955A628CE2E7F002782B3 /* SportEventCollectionViewCell.xib */,
			);
			path = SportEventsCell;
			sourceTree = "<group>";
		};
		62D8D1FB28CD12740087AE9B /* Views */ = {
			isa = PBXGroup;
			children = (
				62C955A428CE2E5B002782B3 /* SportEventsCell */,
				62D8D20C28CDF8640087AE9B /* SportHeaderTableViewCell.swift */,
				62D8D20D28CDF8640087AE9B /* SportHeaderTableViewCell.xib */,
			);
			path = Views;
			sourceTree = "<group>";
		};
		62D8D20428CD13090087AE9B /* BinderModels */ = {
			isa = PBXGroup;
			children = (
				62D8D20528CD132D0087AE9B /* SportsGames */,
			);
			path = BinderModels;
			sourceTree = "<group>";
		};
		62D8D20528CD132D0087AE9B /* SportsGames */ = {
			isa = PBXGroup;
			children = (
				62D8D20A28CDF7E20087AE9B /* SportHeaderBinderModel.swift */,
				62D8D21428CDF8CC0087AE9B /* SportEventsBinderModel.swift */,
			);
			path = SportsGames;
			sourceTree = "<group>";
		};
		62D8D21628CE018C0087AE9B /* ViewControllers */ = {
			isa = PBXGroup;
			children = (
				62D8D21728CE01A50087AE9B /* SportEventsViewController.swift */,
			);
			path = ViewControllers;
			sourceTree = "<group>";
		};
		62D8D21D28CE19950087AE9B /* ViewModels */ = {
			isa = PBXGroup;
			children = (
				62D8D22228CE1E5E0087AE9B /* SportsGamesDataFactoryTests.swift */,
			);
			path = ViewModels;
			sourceTree = "<group>";
		};
/* End PBXGroup section */

/* Begin PBXNativeTarget section */
		622C4BF228CCB34600D39601 /* KaizenAssignment */ = {
			isa = PBXNativeTarget;
			buildConfigurationList = 622C4C1D28CCB34800D39601 /* Build configuration list for PBXNativeTarget "KaizenAssignment" */;
			buildPhases = (
				622C4BEF28CCB34600D39601 /* Sources */,
				622C4BF028CCB34600D39601 /* Frameworks */,
				622C4BF128CCB34600D39601 /* Resources */,
			);
			buildRules = (
			);
			dependencies = (
			);
			name = KaizenAssignment;
			productName = KaizenAssignment;
			productReference = 622C4BF328CCB34600D39601 /* KaizenAssignment.app */;
			productType = "com.apple.product-type.application";
		};
		622C4C0828CCB34800D39601 /* KaizenAssignmentTests */ = {
			isa = PBXNativeTarget;
			buildConfigurationList = 622C4C2028CCB34800D39601 /* Build configuration list for PBXNativeTarget "KaizenAssignmentTests" */;
			buildPhases = (
				622C4C0528CCB34800D39601 /* Sources */,
				622C4C0628CCB34800D39601 /* Frameworks */,
				622C4C0728CCB34800D39601 /* Resources */,
			);
			buildRules = (
			);
			dependencies = (
				622C4C0B28CCB34800D39601 /* PBXTargetDependency */,
			);
			name = KaizenAssignmentTests;
			productName = KaizenAssignmentTests;
			productReference = 622C4C0928CCB34800D39601 /* KaizenAssignmentTests.xctest */;
			productType = "com.apple.product-type.bundle.unit-test";
		};
		622C4C1228CCB34800D39601 /* KaizenAssignmentUITests */ = {
			isa = PBXNativeTarget;
			buildConfigurationList = 622C4C2328CCB34800D39601 /* Build configuration list for PBXNativeTarget "KaizenAssignmentUITests" */;
			buildPhases = (
				622C4C0F28CCB34800D39601 /* Sources */,
				622C4C1028CCB34800D39601 /* Frameworks */,
				622C4C1128CCB34800D39601 /* Resources */,
			);
			buildRules = (
			);
			dependencies = (
				622C4C1528CCB34800D39601 /* PBXTargetDependency */,
			);
			name = KaizenAssignmentUITests;
			productName = KaizenAssignmentUITests;
			productReference = 622C4C1328CCB34800D39601 /* KaizenAssignmentUITests.xctest */;
			productType = "com.apple.product-type.bundle.ui-testing";
		};
/* End PBXNativeTarget section */

/* Begin PBXProject section */
		622C4BEB28CCB34600D39601 /* Project object */ = {
			isa = PBXProject;
			attributes = {
				BuildIndependentTargetsInParallel = 1;
				LastSwiftUpdateCheck = 1320;
				LastUpgradeCheck = 1320;
				TargetAttributes = {
					622C4BF228CCB34600D39601 = {
						CreatedOnToolsVersion = 13.2.1;
					};
					622C4C0828CCB34800D39601 = {
						CreatedOnToolsVersion = 13.2.1;
						TestTargetID = 622C4BF228CCB34600D39601;
					};
					622C4C1228CCB34800D39601 = {
						CreatedOnToolsVersion = 13.2.1;
						TestTargetID = 622C4BF228CCB34600D39601;
					};
				};
			};
			buildConfigurationList = 622C4BEE28CCB34600D39601 /* Build configuration list for PBXProject "KaizenAssignment" */;
			compatibilityVersion = "Xcode 13.0";
			developmentRegion = en;
			hasScannedForEncodings = 0;
			knownRegions = (
				en,
				Base,
			);
			mainGroup = 622C4BEA28CCB34600D39601;
			productRefGroup = 622C4BF428CCB34600D39601 /* Products */;
			projectDirPath = "";
			projectRoot = "";
			targets = (
				622C4BF228CCB34600D39601 /* KaizenAssignment */,
				622C4C0828CCB34800D39601 /* KaizenAssignmentTests */,
				622C4C1228CCB34800D39601 /* KaizenAssignmentUITests */,
			);
		};
/* End PBXProject section */

/* Begin PBXResourcesBuildPhase section */
		622C4BF128CCB34600D39601 /* Resources */ = {
			isa = PBXResourcesBuildPhase;
			buildActionMask = 2147483647;
			files = (
				62C955A828CE2E7F002782B3 /* SportEventCollectionViewCell.xib in Resources */,
				622C4C0328CCB34700D39601 /* LaunchScreen.storyboard in Resources */,
				62D8D20F28CDF8640087AE9B /* SportHeaderTableViewCell.xib in Resources */,
				62D8D21328CDF8A50087AE9B /* SportEventsTableViewCell.xib in Resources */,
				622C4C0028CCB34700D39601 /* Assets.xcassets in Resources */,
				622C4BFE28CCB34600D39601 /* Main.storyboard in Resources */,
			);
			runOnlyForDeploymentPostprocessing = 0;
		};
		622C4C0728CCB34800D39601 /* Resources */ = {
			isa = PBXResourcesBuildPhase;
			buildActionMask = 2147483647;
			files = (
				622C4C4728CCD38200D39601 /* sports_response.json in Resources */,
				622C4C4928CCDFE100D39601 /* sports_response_malformed.json in Resources */,
			);
			runOnlyForDeploymentPostprocessing = 0;
		};
		622C4C1128CCB34800D39601 /* Resources */ = {
			isa = PBXResourcesBuildPhase;
			buildActionMask = 2147483647;
			files = (
			);
			runOnlyForDeploymentPostprocessing = 0;
		};
/* End PBXResourcesBuildPhase section */

/* Begin PBXSourcesBuildPhase section */
		622C4BEF28CCB34600D39601 /* Sources */ = {
			isa = PBXSourcesBuildPhase;
			buildActionMask = 2147483647;
			files = (
				622C4C3728CCC15800D39601 /* Reachability.swift in Sources */,
				62D8D20E28CDF8640087AE9B /* SportHeaderTableViewCell.swift in Sources */,
				622C4C3F28CCC71A00D39601 /* SportsResponse.swift in Sources */,
				62D8D21228CDF8A50087AE9B /* SportEventsTableViewCell.swift in Sources */,
				622C4C3C28CCC68400D39601 /* SportsRequest.swift in Sources */,
				622C4BF728CCB34600D39601 /* AppDelegate.swift in Sources */,
				62C955A728CE2E7F002782B3 /* SportEventCollectionViewCell.swift in Sources */,
				62998A1328CCEA7D002E9DAE /* BinderModel.swift in Sources */,
				62D8D21A28CE07DF0087AE9B /* UINavigationControllerExtension.swift in Sources */,
				62998A0C28CCE9DC002E9DAE /* SportsGamesViewModel.swift in Sources */,
				62998A1A28CCEBBA002E9DAE /* UITableViewExtensions.swift in Sources */,
				622C4C2F28CCB51600D39601 /* Request.swift in Sources */,
				62998A1428CCEA7D002E9DAE /* BinderCell.swift in Sources */,
				622C4C3428CCB7FE00D39601 /* NetworkError.swift in Sources */,
				62D8D21528CDF8CC0087AE9B /* SportEventsBinderModel.swift in Sources */,
				622C4C2D28CCB50100D39601 /* Network.swift in Sources */,
				62D8D21C28CE0A660087AE9B /* UIColorExtensions.swift in Sources */,
				622C4C3928CCC4CC00D39601 /* NetworkConfig.swift in Sources */,
				62998A1C28CCF17F002E9DAE /* State.swift in Sources */,
				62D8D20B28CDF7E20087AE9B /* SportHeaderBinderModel.swift in Sources */,
				62C955AA28CE2EFD002782B3 /* UICollectionViewExtensions.swift in Sources */,
				62998A1228CCEA7D002E9DAE /* BinderDataSource.swift in Sources */,
				62D8D21828CE01A50087AE9B /* SportEventsViewController.swift in Sources */,
				62D8D20728CDF0DB0087AE9B /* Assets.swift in Sources */,
				62998A0A28CCE9C8002E9DAE /* SportsGamesDataFactory.swift in Sources */,
			);
			runOnlyForDeploymentPostprocessing = 0;
		};
		622C4C0528CCB34800D39601 /* Sources */ = {
			isa = PBXSourcesBuildPhase;
			buildActionMask = 2147483647;
			files = (
				622C4C4128CCCFFB00D39601 /* ReachabilityMock.swift in Sources */,
				622C4C4D28CCE5F500D39601 /* InvalidPathRequest.swift in Sources */,
				622C4C4428CCD07800D39601 /* FileReader.swift in Sources */,
				62D8D22328CE1E5E0087AE9B /* SportsGamesDataFactoryTests.swift in Sources */,
				62D8D22128CE1A210087AE9B /* SportsGamesViewModel_IntegrationTests.swift in Sources */,
				622C4C2A28CCB4E000D39601 /* NetworkTests.swift in Sources */,
				622C4C3228CCB65D00D39601 /* NetworkMock.swift in Sources */,
			);
			runOnlyForDeploymentPostprocessing = 0;
		};
		622C4C0F28CCB34800D39601 /* Sources */ = {
			isa = PBXSourcesBuildPhase;
			buildActionMask = 2147483647;
			files = (
				622C4C1828CCB34800D39601 /* KaizenAssignmentUITests.swift in Sources */,
				622C4C1A28CCB34800D39601 /* KaizenAssignmentUITestsLaunchTests.swift in Sources */,
			);
			runOnlyForDeploymentPostprocessing = 0;
		};
/* End PBXSourcesBuildPhase section */

/* Begin PBXTargetDependency section */
		622C4C0B28CCB34800D39601 /* PBXTargetDependency */ = {
			isa = PBXTargetDependency;
			target = 622C4BF228CCB34600D39601 /* KaizenAssignment */;
			targetProxy = 622C4C0A28CCB34800D39601 /* PBXContainerItemProxy */;
		};
		622C4C1528CCB34800D39601 /* PBXTargetDependency */ = {
			isa = PBXTargetDependency;
			target = 622C4BF228CCB34600D39601 /* KaizenAssignment */;
			targetProxy = 622C4C1428CCB34800D39601 /* PBXContainerItemProxy */;
		};
/* End PBXTargetDependency section */

/* Begin PBXVariantGroup section */
		622C4BFC28CCB34600D39601 /* Main.storyboard */ = {
			isa = PBXVariantGroup;
			children = (
				622C4BFD28CCB34600D39601 /* Base */,
			);
			name = Main.storyboard;
			sourceTree = "<group>";
		};
		622C4C0128CCB34700D39601 /* LaunchScreen.storyboard */ = {
			isa = PBXVariantGroup;
			children = (
				622C4C0228CCB34700D39601 /* Base */,
			);
			name = LaunchScreen.storyboard;
			sourceTree = "<group>";
		};
/* End PBXVariantGroup section */

/* Begin XCBuildConfiguration section */
		622C4C1B28CCB34800D39601 /* Debug */ = {
			isa = XCBuildConfiguration;
			buildSettings = {
				ALWAYS_SEARCH_USER_PATHS = NO;
				CLANG_ANALYZER_NONNULL = YES;
				CLANG_ANALYZER_NUMBER_OBJECT_CONVERSION = YES_AGGRESSIVE;
				CLANG_CXX_LANGUAGE_STANDARD = "gnu++17";
				CLANG_CXX_LIBRARY = "libc++";
				CLANG_ENABLE_MODULES = YES;
				CLANG_ENABLE_OBJC_ARC = YES;
				CLANG_ENABLE_OBJC_WEAK = YES;
				CLANG_WARN_BLOCK_CAPTURE_AUTORELEASING = YES;
				CLANG_WARN_BOOL_CONVERSION = YES;
				CLANG_WARN_COMMA = YES;
				CLANG_WARN_CONSTANT_CONVERSION = YES;
				CLANG_WARN_DEPRECATED_OBJC_IMPLEMENTATIONS = YES;
				CLANG_WARN_DIRECT_OBJC_ISA_USAGE = YES_ERROR;
				CLANG_WARN_DOCUMENTATION_COMMENTS = YES;
				CLANG_WARN_EMPTY_BODY = YES;
				CLANG_WARN_ENUM_CONVERSION = YES;
				CLANG_WARN_INFINITE_RECURSION = YES;
				CLANG_WARN_INT_CONVERSION = YES;
				CLANG_WARN_NON_LITERAL_NULL_CONVERSION = YES;
				CLANG_WARN_OBJC_IMPLICIT_RETAIN_SELF = YES;
				CLANG_WARN_OBJC_LITERAL_CONVERSION = YES;
				CLANG_WARN_OBJC_ROOT_CLASS = YES_ERROR;
				CLANG_WARN_QUOTED_INCLUDE_IN_FRAMEWORK_HEADER = YES;
				CLANG_WARN_RANGE_LOOP_ANALYSIS = YES;
				CLANG_WARN_STRICT_PROTOTYPES = YES;
				CLANG_WARN_SUSPICIOUS_MOVE = YES;
				CLANG_WARN_UNGUARDED_AVAILABILITY = YES_AGGRESSIVE;
				CLANG_WARN_UNREACHABLE_CODE = YES;
				CLANG_WARN__DUPLICATE_METHOD_MATCH = YES;
				COPY_PHASE_STRIP = NO;
				DEBUG_INFORMATION_FORMAT = dwarf;
				ENABLE_STRICT_OBJC_MSGSEND = YES;
				ENABLE_TESTABILITY = YES;
				GCC_C_LANGUAGE_STANDARD = gnu11;
				GCC_DYNAMIC_NO_PIC = NO;
				GCC_NO_COMMON_BLOCKS = YES;
				GCC_OPTIMIZATION_LEVEL = 0;
				GCC_PREPROCESSOR_DEFINITIONS = (
					"DEBUG=1",
					"$(inherited)",
				);
				GCC_WARN_64_TO_32_BIT_CONVERSION = YES;
				GCC_WARN_ABOUT_RETURN_TYPE = YES_ERROR;
				GCC_WARN_UNDECLARED_SELECTOR = YES;
				GCC_WARN_UNINITIALIZED_AUTOS = YES_AGGRESSIVE;
				GCC_WARN_UNUSED_FUNCTION = YES;
				GCC_WARN_UNUSED_VARIABLE = YES;
				IPHONEOS_DEPLOYMENT_TARGET = 15.2;
				MTL_ENABLE_DEBUG_INFO = INCLUDE_SOURCE;
				MTL_FAST_MATH = YES;
				ONLY_ACTIVE_ARCH = YES;
				SDKROOT = iphoneos;
				SWIFT_ACTIVE_COMPILATION_CONDITIONS = DEBUG;
				SWIFT_OPTIMIZATION_LEVEL = "-Onone";
			};
			name = Debug;
		};
		622C4C1C28CCB34800D39601 /* Release */ = {
			isa = XCBuildConfiguration;
			buildSettings = {
				ALWAYS_SEARCH_USER_PATHS = NO;
				CLANG_ANALYZER_NONNULL = YES;
				CLANG_ANALYZER_NUMBER_OBJECT_CONVERSION = YES_AGGRESSIVE;
				CLANG_CXX_LANGUAGE_STANDARD = "gnu++17";
				CLANG_CXX_LIBRARY = "libc++";
				CLANG_ENABLE_MODULES = YES;
				CLANG_ENABLE_OBJC_ARC = YES;
				CLANG_ENABLE_OBJC_WEAK = YES;
				CLANG_WARN_BLOCK_CAPTURE_AUTORELEASING = YES;
				CLANG_WARN_BOOL_CONVERSION = YES;
				CLANG_WARN_COMMA = YES;
				CLANG_WARN_CONSTANT_CONVERSION = YES;
				CLANG_WARN_DEPRECATED_OBJC_IMPLEMENTATIONS = YES;
				CLANG_WARN_DIRECT_OBJC_ISA_USAGE = YES_ERROR;
				CLANG_WARN_DOCUMENTATION_COMMENTS = YES;
				CLANG_WARN_EMPTY_BODY = YES;
				CLANG_WARN_ENUM_CONVERSION = YES;
				CLANG_WARN_INFINITE_RECURSION = YES;
				CLANG_WARN_INT_CONVERSION = YES;
				CLANG_WARN_NON_LITERAL_NULL_CONVERSION = YES;
				CLANG_WARN_OBJC_IMPLICIT_RETAIN_SELF = YES;
				CLANG_WARN_OBJC_LITERAL_CONVERSION = YES;
				CLANG_WARN_OBJC_ROOT_CLASS = YES_ERROR;
				CLANG_WARN_QUOTED_INCLUDE_IN_FRAMEWORK_HEADER = YES;
				CLANG_WARN_RANGE_LOOP_ANALYSIS = YES;
				CLANG_WARN_STRICT_PROTOTYPES = YES;
				CLANG_WARN_SUSPICIOUS_MOVE = YES;
				CLANG_WARN_UNGUARDED_AVAILABILITY = YES_AGGRESSIVE;
				CLANG_WARN_UNREACHABLE_CODE = YES;
				CLANG_WARN__DUPLICATE_METHOD_MATCH = YES;
				COPY_PHASE_STRIP = NO;
				DEBUG_INFORMATION_FORMAT = "dwarf-with-dsym";
				ENABLE_NS_ASSERTIONS = NO;
				ENABLE_STRICT_OBJC_MSGSEND = YES;
				GCC_C_LANGUAGE_STANDARD = gnu11;
				GCC_NO_COMMON_BLOCKS = YES;
				GCC_WARN_64_TO_32_BIT_CONVERSION = YES;
				GCC_WARN_ABOUT_RETURN_TYPE = YES_ERROR;
				GCC_WARN_UNDECLARED_SELECTOR = YES;
				GCC_WARN_UNINITIALIZED_AUTOS = YES_AGGRESSIVE;
				GCC_WARN_UNUSED_FUNCTION = YES;
				GCC_WARN_UNUSED_VARIABLE = YES;
				IPHONEOS_DEPLOYMENT_TARGET = 15.2;
				MTL_ENABLE_DEBUG_INFO = NO;
				MTL_FAST_MATH = YES;
				SDKROOT = iphoneos;
				SWIFT_COMPILATION_MODE = wholemodule;
				SWIFT_OPTIMIZATION_LEVEL = "-O";
				VALIDATE_PRODUCT = YES;
			};
			name = Release;
		};
		622C4C1E28CCB34800D39601 /* Debug */ = {
			isa = XCBuildConfiguration;
			buildSettings = {
				ASSETCATALOG_COMPILER_APPICON_NAME = AppIcon;
				ASSETCATALOG_COMPILER_GLOBAL_ACCENT_COLOR_NAME = AccentColor;
				CODE_SIGN_STYLE = Automatic;
				CURRENT_PROJECT_VERSION = 1;
				DEVELOPMENT_TEAM = XAEQ9MWECF;
				GENERATE_INFOPLIST_FILE = YES;
				INFOPLIST_FILE = KaizenAssignment/Info.plist;
				INFOPLIST_KEY_UIApplicationSupportsIndirectInputEvents = YES;
				INFOPLIST_KEY_UILaunchStoryboardName = LaunchScreen;
				INFOPLIST_KEY_UIMainStoryboardFile = Main;
				INFOPLIST_KEY_UISupportedInterfaceOrientations_iPad = "UIInterfaceOrientationPortrait UIInterfaceOrientationPortraitUpsideDown UIInterfaceOrientationLandscapeLeft UIInterfaceOrientationLandscapeRight";
				INFOPLIST_KEY_UISupportedInterfaceOrientations_iPhone = "UIInterfaceOrientationPortrait UIInterfaceOrientationLandscapeLeft UIInterfaceOrientationLandscapeRight";
				IPHONEOS_DEPLOYMENT_TARGET = 12.0;
				LD_RUNPATH_SEARCH_PATHS = (
					"$(inherited)",
					"@executable_path/Frameworks",
				);
				MARKETING_VERSION = 1.0;
				PRODUCT_BUNDLE_IDENTIFIER = gr.termentzoglou.KaizenAssignment;
				PRODUCT_NAME = "$(TARGET_NAME)";
				SWIFT_EMIT_LOC_STRINGS = YES;
				SWIFT_VERSION = 5.0;
				TARGETED_DEVICE_FAMILY = 1;
			};
			name = Debug;
		};
		622C4C1F28CCB34800D39601 /* Release */ = {
			isa = XCBuildConfiguration;
			buildSettings = {
				ASSETCATALOG_COMPILER_APPICON_NAME = AppIcon;
				ASSETCATALOG_COMPILER_GLOBAL_ACCENT_COLOR_NAME = AccentColor;
				CODE_SIGN_STYLE = Automatic;
				CURRENT_PROJECT_VERSION = 1;
				DEVELOPMENT_TEAM = XAEQ9MWECF;
				GENERATE_INFOPLIST_FILE = YES;
				INFOPLIST_FILE = KaizenAssignment/Info.plist;
				INFOPLIST_KEY_UIApplicationSupportsIndirectInputEvents = YES;
				INFOPLIST_KEY_UILaunchStoryboardName = LaunchScreen;
				INFOPLIST_KEY_UIMainStoryboardFile = Main;
				INFOPLIST_KEY_UISupportedInterfaceOrientations_iPad = "UIInterfaceOrientationPortrait UIInterfaceOrientationPortraitUpsideDown UIInterfaceOrientationLandscapeLeft UIInterfaceOrientationLandscapeRight";
				INFOPLIST_KEY_UISupportedInterfaceOrientations_iPhone = "UIInterfaceOrientationPortrait UIInterfaceOrientationLandscapeLeft UIInterfaceOrientationLandscapeRight";
				IPHONEOS_DEPLOYMENT_TARGET = 12.0;
				LD_RUNPATH_SEARCH_PATHS = (
					"$(inherited)",
					"@executable_path/Frameworks",
				);
				MARKETING_VERSION = 1.0;
				PRODUCT_BUNDLE_IDENTIFIER = gr.termentzoglou.KaizenAssignment;
				PRODUCT_NAME = "$(TARGET_NAME)";
				SWIFT_EMIT_LOC_STRINGS = YES;
				SWIFT_VERSION = 5.0;
				TARGETED_DEVICE_FAMILY = 1;
			};
			name = Release;
		};
		622C4C2128CCB34800D39601 /* Debug */ = {
			isa = XCBuildConfiguration;
			buildSettings = {
				ALWAYS_EMBED_SWIFT_STANDARD_LIBRARIES = YES;
				BUNDLE_LOADER = "$(TEST_HOST)";
				CODE_SIGN_STYLE = Automatic;
				CURRENT_PROJECT_VERSION = 1;
				DEVELOPMENT_TEAM = XAEQ9MWECF;
				GENERATE_INFOPLIST_FILE = YES;
				IPHONEOS_DEPLOYMENT_TARGET = 15.2;
				MARKETING_VERSION = 1.0;
				PRODUCT_BUNDLE_IDENTIFIER = gr.termentzoglou.KaizenAssignmentTests;
				PRODUCT_NAME = "$(TARGET_NAME)";
				SWIFT_EMIT_LOC_STRINGS = NO;
				SWIFT_VERSION = 5.0;
				TARGETED_DEVICE_FAMILY = "1,2";
				TEST_HOST = "$(BUILT_PRODUCTS_DIR)/KaizenAssignment.app/KaizenAssignment";
			};
			name = Debug;
		};
		622C4C2228CCB34800D39601 /* Release */ = {
			isa = XCBuildConfiguration;
			buildSettings = {
				ALWAYS_EMBED_SWIFT_STANDARD_LIBRARIES = YES;
				BUNDLE_LOADER = "$(TEST_HOST)";
				CODE_SIGN_STYLE = Automatic;
				CURRENT_PROJECT_VERSION = 1;
				DEVELOPMENT_TEAM = XAEQ9MWECF;
				GENERATE_INFOPLIST_FILE = YES;
				IPHONEOS_DEPLOYMENT_TARGET = 15.2;
				MARKETING_VERSION = 1.0;
				PRODUCT_BUNDLE_IDENTIFIER = gr.termentzoglou.KaizenAssignmentTests;
				PRODUCT_NAME = "$(TARGET_NAME)";
				SWIFT_EMIT_LOC_STRINGS = NO;
				SWIFT_VERSION = 5.0;
				TARGETED_DEVICE_FAMILY = "1,2";
				TEST_HOST = "$(BUILT_PRODUCTS_DIR)/KaizenAssignment.app/KaizenAssignment";
			};
			name = Release;
		};
		622C4C2428CCB34800D39601 /* Debug */ = {
			isa = XCBuildConfiguration;
			buildSettings = {
				ALWAYS_EMBED_SWIFT_STANDARD_LIBRARIES = YES;
				CODE_SIGN_STYLE = Automatic;
				CURRENT_PROJECT_VERSION = 1;
				DEVELOPMENT_TEAM = XAEQ9MWECF;
				GENERATE_INFOPLIST_FILE = YES;
				MARKETING_VERSION = 1.0;
				PRODUCT_BUNDLE_IDENTIFIER = gr.termentzoglou.KaizenAssignmentUITests;
				PRODUCT_NAME = "$(TARGET_NAME)";
				SWIFT_EMIT_LOC_STRINGS = NO;
				SWIFT_VERSION = 5.0;
				TARGETED_DEVICE_FAMILY = "1,2";
				TEST_TARGET_NAME = KaizenAssignment;
			};
			name = Debug;
		};
		622C4C2528CCB34800D39601 /* Release */ = {
			isa = XCBuildConfiguration;
			buildSettings = {
				ALWAYS_EMBED_SWIFT_STANDARD_LIBRARIES = YES;
				CODE_SIGN_STYLE = Automatic;
				CURRENT_PROJECT_VERSION = 1;
				DEVELOPMENT_TEAM = XAEQ9MWECF;
				GENERATE_INFOPLIST_FILE = YES;
				MARKETING_VERSION = 1.0;
				PRODUCT_BUNDLE_IDENTIFIER = gr.termentzoglou.KaizenAssignmentUITests;
				PRODUCT_NAME = "$(TARGET_NAME)";
				SWIFT_EMIT_LOC_STRINGS = NO;
				SWIFT_VERSION = 5.0;
				TARGETED_DEVICE_FAMILY = "1,2";
				TEST_TARGET_NAME = KaizenAssignment;
			};
			name = Release;
		};
/* End XCBuildConfiguration section */

/* Begin XCConfigurationList section */
		622C4BEE28CCB34600D39601 /* Build configuration list for PBXProject "KaizenAssignment" */ = {
			isa = XCConfigurationList;
			buildConfigurations = (
				622C4C1B28CCB34800D39601 /* Debug */,
				622C4C1C28CCB34800D39601 /* Release */,
			);
			defaultConfigurationIsVisible = 0;
			defaultConfigurationName = Release;
		};
		622C4C1D28CCB34800D39601 /* Build configuration list for PBXNativeTarget "KaizenAssignment" */ = {
			isa = XCConfigurationList;
			buildConfigurations = (
				622C4C1E28CCB34800D39601 /* Debug */,
				622C4C1F28CCB34800D39601 /* Release */,
			);
			defaultConfigurationIsVisible = 0;
			defaultConfigurationName = Release;
		};
		622C4C2028CCB34800D39601 /* Build configuration list for PBXNativeTarget "KaizenAssignmentTests" */ = {
			isa = XCConfigurationList;
			buildConfigurations = (
				622C4C2128CCB34800D39601 /* Debug */,
				622C4C2228CCB34800D39601 /* Release */,
			);
			defaultConfigurationIsVisible = 0;
			defaultConfigurationName = Release;
		};
		622C4C2328CCB34800D39601 /* Build configuration list for PBXNativeTarget "KaizenAssignmentUITests" */ = {
			isa = XCConfigurationList;
			buildConfigurations = (
				622C4C2428CCB34800D39601 /* Debug */,
				622C4C2528CCB34800D39601 /* Release */,
			);
			defaultConfigurationIsVisible = 0;
			defaultConfigurationName = Release;
		};
/* End XCConfigurationList section */
	};
	rootObject = 622C4BEB28CCB34600D39601 /* Project object */;
}
